
Microsoft Visual Studio Solution File, Format Version 12.00
# Visual Studio 15
Project("{FAE04EC0-301F-11D3-BF4B-00C04F79EFBC}") = "ET.Recast", "ET.Recast.csproj", "{8EE3AACE-98CD-DFCB-E63C-D4E526DC0841}"
EndProject
Project("{FAE04EC0-301F-11D3-BF4B-00C04F79EFBC}") = "ET.YIUIFramework", "ET.YIUIFramework.csproj", "{AF07589D-20DD-A5A7-C17E-A64485293C8E}"
EndProject
Project("{FAE04EC0-301F-11D3-BF4B-00C04F79EFBC}") = "ET.Loader.Editor", "ET.Loader.Editor.csproj", "{B0BB1AB9-CF34-B355-B700-4E4485F7EB1A}"
EndProject
Project("{FAE04EC0-301F-11D3-BF4B-00C04F79EFBC}") = "ET.YooAssets.Editor", "ET.YooAssets.Editor.csproj", "{039D2027-A65E-8E04-C716-CF26C1D67C9E}"
EndProject
Project("{FAE04EC0-301F-11D3-BF4B-00C04F79EFBC}") = "ET.Loader", "ET.Loader.csproj", "{512AFC60-758C-7E31-AAB2-5954B7F430A9}"
EndProject
Project("{FAE04EC0-301F-11D3-BF4B-00C04F79EFBC}") = "ET.YIUIFramework.Editor", "ET.YIUIFramework.Editor.csproj", "{5CFF3983-7F85-602C-93F6-8C7462CBF70E}"
EndProject
Project("{FAE04EC0-301F-11D3-BF4B-00C04F79EFBC}") = "ET.MemoryPack", "ET.MemoryPack.csproj", "{2170BD55-D381-ECEF-485C-C7BA2C19C75E}"
EndProject
Project("{FAE04EC0-301F-11D3-BF4B-00C04F79EFBC}") = "ET.PackageManager.Editor", "ET.PackageManager.Editor.csproj", "{B322A110-2DE8-F417-DE39-E4E52EA8DE09}"
EndProject
Project("{FAE04EC0-301F-11D3-BF4B-00C04F79EFBC}") = "ET.YooAssets", "ET.YooAssets.csproj", "{C14EE0BD-B3E8-865D-CA01-E552F00A58EC}"
EndProject
Project("{FAE04EC0-301F-11D3-BF4B-00C04F79EFBC}") = "ET.Core.Editor", "ET.Core.Editor.csproj", "{DFBE665D-56C2-87FE-1DFB-0D5E12D7370A}"
EndProject
Project("{FAE04EC0-301F-11D3-BF4B-00C04F79EFBC}") = "ET.HybridCLR.Editor", "ET.HybridCLR.Editor.csproj", "{EDD555A3-8C74-CF52-00D5-CDBA578C6322}"
EndProject
Project("{FAE04EC0-301F-11D3-BF4B-00C04F79EFBC}") = "ET.Core", "ET.Core.csproj", "{83BE427C-392E-F5E1-C0A4-4232E8C2D7FD}"
EndProject
Project("{FAE04EC0-301F-11D3-BF4B-00C04F79EFBC}") = "Unity.Rider.Editor", "Unity.Rider.Editor.csproj", "{419273F1-62C6-39E9-5BF4-3D75453D602E}"
EndProject
Project("{FAE04EC0-301F-11D3-BF4B-00C04F79EFBC}") = "Halodi.PackageRegistryManager.Editor", "Halodi.PackageRegistryManager.Editor.csproj", "{5A92615B-1E93-AA57-EABD-63C47F4DA465}"
EndProject
Project("{FAE04EC0-301F-11D3-BF4B-00C04F79EFBC}") = "ET.Proto.Editor", "ET.Proto.Editor.csproj", "{2203A400-9DFB-E89C-E871-5193EB538898}"
EndProject
Project("{FAE04EC0-301F-11D3-BF4B-00C04F79EFBC}") = "Assembly-CSharp", "Assembly-CSharp.csproj", "{01932370-EC73-3D98-61B4-70DE36094632}"
EndProject
Project("{FAE04EC0-301F-11D3-BF4B-00C04F79EFBC}") = "ET.SourceGeneratorAttribute", "ET.SourceGeneratorAttribute.csproj", "{0924C6A8-76C3-1970-9C08-60BF2AF37A67}"
EndProject
Project("{FAE04EC0-301F-11D3-BF4B-00C04F79EFBC}") = "DOTween.Modules", "DOTween.Modules.csproj", "{AA1D3119-406D-56B8-32DD-512F150E8EDF}"
EndProject
Project("{FAE04EC0-301F-11D3-BF4B-00C04F79EFBC}") = "Halodi.PackageRegistryManager.Tests", "Halodi.PackageRegistryManager.Tests.csproj", "{2A7FA52C-5E7A-D8A0-B867-D06454F586E0}"
EndProject
Project("{FAE04EC0-301F-11D3-BF4B-00C04F79EFBC}") = "ET.HybridCLR", "ET.HybridCLR.csproj", "{03F0A9ED-77DB-4B33-84E8-4A81A91CD93B}"
EndProject
Project("{FAE04EC0-301F-11D3-BF4B-00C04F79EFBC}") = "ET.ReferenceCollector", "ET.ReferenceCollector.csproj", "{A5B3E702-6976-38A5-0B91-7926466283F8}"
EndProject
Project("{FAE04EC0-301F-11D3-BF4B-00C04F79EFBC}") = "ET.Init.Editor", "ET.Init.Editor.csproj", "{C69F351D-EF60-5A43-F338-A7DB9F88C43E}"
EndProject
Project("{FAE04EC0-301F-11D3-BF4B-00C04F79EFBC}") = "Artees.SemanticVersioning", "Artees.SemanticVersioning.csproj", "{41DC95BA-D414-983A-6095-A46D9787DACA}"
EndProject
Project("{FAE04EC0-301F-11D3-BF4B-00C04F79EFBC}") = "ET.YIUI.StateSync.Editor", "ET.YIUI.StateSync.Editor.csproj", "{69651E59-266F-DDB3-9208-67BB788D6E33}"
EndProject
Project("{FAE04EC0-301F-11D3-BF4B-00C04F79EFBC}") = "Sirenix.OdinInspector.Modules.UnityMathematics", "Sirenix.OdinInspector.Modules.UnityMathematics.csproj", "{3E403542-C4AC-3998-E11D-4961C0EB2CF3}"
EndProject
Project("{FAE04EC0-301F-11D3-BF4B-00C04F79EFBC}") = "ET.ReferenceCollector.Editor", "ET.ReferenceCollector.Editor.csproj", "{71D7EB9F-6DF3-9A21-D02F-B158634C0284}"
EndProject
Project("{FAE04EC0-301F-11D3-BF4B-00C04F79EFBC}") = "ET.StateSync.Editor", "ET.StateSync.Editor.csproj", "{39E4CBD4-184A-F25E-C693-6AA46CC00706}"
EndProject
Project("{FAE04EC0-301F-11D3-BF4B-00C04F79EFBC}") = "ET.YIUI.YooAssets.Editor", "ET.YIUI.YooAssets.Editor.csproj", "{D323F517-3DE9-A118-9D46-D54109BFA03E}"
EndProject
Project("{FAE04EC0-301F-11D3-BF4B-00C04F79EFBC}") = "Assembly-CSharp-Editor", "Assembly-CSharp-Editor.csproj", "{D803BF72-0951-9158-2A7F-653D4659F172}"
EndProject
Project("{FAE04EC0-301F-11D3-BF4B-00C04F79EFBC}") = "ET.Excel.Editor", "ET.Excel.Editor.csproj", "{9DF2A58D-6452-446F-185D-368D470CBD79}"
EndProject
Global
	GlobalSection(SolutionConfigurationPlatforms) = preSolution
		Debug|Any CPU = Debug|Any CPU
		Release|Any CPU = Release|Any CPU
	EndGlobalSection
	GlobalSection(ProjectConfigurationPlatforms) = postSolution
		{8EE3AACE-98CD-DFCB-E63C-D4E526DC0841}.Debug|Any CPU.ActiveCfg = Debug|Any CPU
		{8EE3AACE-98CD-DFCB-E63C-D4E526DC0841}.Debug|Any CPU.Build.0 = Debug|Any CPU
		{8EE3AACE-98CD-DFCB-E63C-D4E526DC0841}.Release|Any CPU.ActiveCfg = Release|Any CPU
		{8EE3AACE-98CD-DFCB-E63C-D4E526DC0841}.Release|Any CPU.Build.0 = Release|Any CPU
		{AF07589D-20DD-A5A7-C17E-A64485293C8E}.Debug|Any CPU.ActiveCfg = Debug|Any CPU
		{AF07589D-20DD-A5A7-C17E-A64485293C8E}.Debug|Any CPU.Build.0 = Debug|Any CPU
		{AF07589D-20DD-A5A7-C17E-A64485293C8E}.Release|Any CPU.ActiveCfg = Release|Any CPU
		{AF07589D-20DD-A5A7-C17E-A64485293C8E}.Release|Any CPU.Build.0 = Release|Any CPU
		{B0BB1AB9-CF34-B355-B700-4E4485F7EB1A}.Debug|Any CPU.ActiveCfg = Debug|Any CPU
		{B0BB1AB9-CF34-B355-B700-4E4485F7EB1A}.Debug|Any CPU.Build.0 = Debug|Any CPU
		{B0BB1AB9-CF34-B355-B700-4E4485F7EB1A}.Release|Any CPU.ActiveCfg = Release|Any CPU
		{B0BB1AB9-CF34-B355-B700-4E4485F7EB1A}.Release|Any CPU.Build.0 = Release|Any CPU
		{039D2027-A65E-8E04-C716-CF26C1D67C9E}.Debug|Any CPU.ActiveCfg = Debug|Any CPU
		{039D2027-A65E-8E04-C716-CF26C1D67C9E}.Debug|Any CPU.Build.0 = Debug|Any CPU
		{039D2027-A65E-8E04-C716-CF26C1D67C9E}.Release|Any CPU.ActiveCfg = Release|Any CPU
		{039D2027-A65E-8E04-C716-CF26C1D67C9E}.Release|Any CPU.Build.0 = Release|Any CPU
		{512AFC60-758C-7E31-AAB2-5954B7F430A9}.Debug|Any CPU.ActiveCfg = Debug|Any CPU
		{512AFC60-758C-7E31-AAB2-5954B7F430A9}.Debug|Any CPU.Build.0 = Debug|Any CPU
		{512AFC60-758C-7E31-AAB2-5954B7F430A9}.Release|Any CPU.ActiveCfg = Release|Any CPU
		{512AFC60-758C-7E31-AAB2-5954B7F430A9}.Release|Any CPU.Build.0 = Release|Any CPU
		{5CFF3983-7F85-602C-93F6-8C7462CBF70E}.Debug|Any CPU.ActiveCfg = Debug|Any CPU
		{5CFF3983-7F85-602C-93F6-8C7462CBF70E}.Debug|Any CPU.Build.0 = Debug|Any CPU
		{5CFF3983-7F85-602C-93F6-8C7462CBF70E}.Release|Any CPU.ActiveCfg = Release|Any CPU
		{5CFF3983-7F85-602C-93F6-8C7462CBF70E}.Release|Any CPU.Build.0 = Release|Any CPU
		{2170BD55-D381-ECEF-485C-C7BA2C19C75E}.Debug|Any CPU.ActiveCfg = Debug|Any CPU
		{2170BD55-D381-ECEF-485C-C7BA2C19C75E}.Debug|Any CPU.Build.0 = Debug|Any CPU
		{2170BD55-D381-ECEF-485C-C7BA2C19C75E}.Release|Any CPU.ActiveCfg = Release|Any CPU
		{2170BD55-D381-ECEF-485C-C7BA2C19C75E}.Release|Any CPU.Build.0 = Release|Any CPU
		{B322A110-2DE8-F417-DE39-E4E52EA8DE09}.Debug|Any CPU.ActiveCfg = Debug|Any CPU
		{B322A110-2DE8-F417-DE39-E4E52EA8DE09}.Debug|Any CPU.Build.0 = Debug|Any CPU
		{B322A110-2DE8-F417-DE39-E4E52EA8DE09}.Release|Any CPU.ActiveCfg = Release|Any CPU
		{B322A110-2DE8-F417-DE39-E4E52EA8DE09}.Release|Any CPU.Build.0 = Release|Any CPU
		{C14EE0BD-B3E8-865D-CA01-E552F00A58EC}.Debug|Any CPU.ActiveCfg = Debug|Any CPU
		{C14EE0BD-B3E8-865D-CA01-E552F00A58EC}.Debug|Any CPU.Build.0 = Debug|Any CPU
		{C14EE0BD-B3E8-865D-CA01-E552F00A58EC}.Release|Any CPU.ActiveCfg = Release|Any CPU
		{C14EE0BD-B3E8-865D-CA01-E552F00A58EC}.Release|Any CPU.Build.0 = Release|Any CPU
		{DFBE665D-56C2-87FE-1DFB-0D5E12D7370A}.Debug|Any CPU.ActiveCfg = Debug|Any CPU
		{DFBE665D-56C2-87FE-1DFB-0D5E12D7370A}.Debug|Any CPU.Build.0 = Debug|Any CPU
		{DFBE665D-56C2-87FE-1DFB-0D5E12D7370A}.Release|Any CPU.ActiveCfg = Release|Any CPU
		{DFBE665D-56C2-87FE-1DFB-0D5E12D7370A}.Release|Any CPU.Build.0 = Release|Any CPU
		{EDD555A3-8C74-CF52-00D5-CDBA578C6322}.Debug|Any CPU.ActiveCfg = Debug|Any CPU
		{EDD555A3-8C74-CF52-00D5-CDBA578C6322}.Debug|Any CPU.Build.0 = Debug|Any CPU
		{EDD555A3-8C74-CF52-00D5-CDBA578C6322}.Release|Any CPU.ActiveCfg = Release|Any CPU
		{EDD555A3-8C74-CF52-00D5-CDBA578C6322}.Release|Any CPU.Build.0 = Release|Any CPU
		{83BE427C-392E-F5E1-C0A4-4232E8C2D7FD}.Debug|Any CPU.ActiveCfg = Debug|Any CPU
		{83BE427C-392E-F5E1-C0A4-4232E8C2D7FD}.Debug|Any CPU.Build.0 = Debug|Any CPU
		{83BE427C-392E-F5E1-C0A4-4232E8C2D7FD}.Release|Any CPU.ActiveCfg = Release|Any CPU
		{83BE427C-392E-F5E1-C0A4-4232E8C2D7FD}.Release|Any CPU.Build.0 = Release|Any CPU
		{419273F1-62C6-39E9-5BF4-3D75453D602E}.Debug|Any CPU.ActiveCfg = Debug|Any CPU
		{419273F1-62C6-39E9-5BF4-3D75453D602E}.Debug|Any CPU.Build.0 = Debug|Any CPU
		{419273F1-62C6-39E9-5BF4-3D75453D602E}.Release|Any CPU.ActiveCfg = Release|Any CPU
		{419273F1-62C6-39E9-5BF4-3D75453D602E}.Release|Any CPU.Build.0 = Release|Any CPU
		{5A92615B-1E93-AA57-EABD-63C47F4DA465}.Debug|Any CPU.ActiveCfg = Debug|Any CPU
		{5A92615B-1E93-AA57-EABD-63C47F4DA465}.Debug|Any CPU.Build.0 = Debug|Any CPU
		{5A92615B-1E93-AA57-EABD-63C47F4DA465}.Release|Any CPU.ActiveCfg = Release|Any CPU
		{5A92615B-1E93-AA57-EABD-63C47F4DA465}.Release|Any CPU.Build.0 = Release|Any CPU
		{2203A400-9DFB-E89C-E871-5193EB538898}.Debug|Any CPU.ActiveCfg = Debug|Any CPU
		{2203A400-9DFB-E89C-E871-5193EB538898}.Debug|Any CPU.Build.0 = Debug|Any CPU
		{2203A400-9DFB-E89C-E871-5193EB538898}.Release|Any CPU.ActiveCfg = Release|Any CPU
		{2203A400-9DFB-E89C-E871-5193EB538898}.Release|Any CPU.Build.0 = Release|Any CPU
		{01932370-EC73-3D98-61B4-70DE36094632}.Debug|Any CPU.ActiveCfg = Debug|Any CPU
		{01932370-EC73-3D98-61B4-70DE36094632}.Debug|Any CPU.Build.0 = Debug|Any CPU
		{01932370-EC73-3D98-61B4-70DE36094632}.Release|Any CPU.ActiveCfg = Release|Any CPU
		{01932370-EC73-3D98-61B4-70DE36094632}.Release|Any CPU.Build.0 = Release|Any CPU
		{0924C6A8-76C3-1970-9C08-60BF2AF37A67}.Debug|Any CPU.ActiveCfg = Debug|Any CPU
		{0924C6A8-76C3-1970-9C08-60BF2AF37A67}.Debug|Any CPU.Build.0 = Debug|Any CPU
		{0924C6A8-76C3-1970-9C08-60BF2AF37A67}.Release|Any CPU.ActiveCfg = Release|Any CPU
		{0924C6A8-76C3-1970-9C08-60BF2AF37A67}.Release|Any CPU.Build.0 = Release|Any CPU
		{AA1D3119-406D-56B8-32DD-512F150E8EDF}.Debug|Any CPU.ActiveCfg = Debug|Any CPU
		{AA1D3119-406D-56B8-32DD-512F150E8EDF}.Debug|Any CPU.Build.0 = Debug|Any CPU
		{AA1D3119-406D-56B8-32DD-512F150E8EDF}.Release|Any CPU.ActiveCfg = Release|Any CPU
		{AA1D3119-406D-56B8-32DD-512F150E8EDF}.Release|Any CPU.Build.0 = Release|Any CPU
		{2A7FA52C-5E7A-D8A0-B867-D06454F586E0}.Debug|Any CPU.ActiveCfg = Debug|Any CPU
		{2A7FA52C-5E7A-D8A0-B867-D06454F586E0}.Debug|Any CPU.Build.0 = Debug|Any CPU
		{2A7FA52C-5E7A-D8A0-B867-D06454F586E0}.Release|Any CPU.ActiveCfg = Release|Any CPU
		{2A7FA52C-5E7A-D8A0-B867-D06454F586E0}.Release|Any CPU.Build.0 = Release|Any CPU
		{03F0A9ED-77DB-4B33-84E8-4A81A91CD93B}.Debug|Any CPU.ActiveCfg = Debug|Any CPU
		{03F0A9ED-77DB-4B33-84E8-4A81A91CD93B}.Debug|Any CPU.Build.0 = Debug|Any CPU
		{03F0A9ED-77DB-4B33-84E8-4A81A91CD93B}.Release|Any CPU.ActiveCfg = Release|Any CPU
		{03F0A9ED-77DB-4B33-84E8-4A81A91CD93B}.Release|Any CPU.Build.0 = Release|Any CPU
		{A5B3E702-6976-38A5-0B91-7926466283F8}.Debug|Any CPU.ActiveCfg = Debug|Any CPU
		{A5B3E702-6976-38A5-0B91-7926466283F8}.Debug|Any CPU.Build.0 = Debug|Any CPU
		{A5B3E702-6976-38A5-0B91-7926466283F8}.Release|Any CPU.ActiveCfg = Release|Any CPU
		{A5B3E702-6976-38A5-0B91-7926466283F8}.Release|Any CPU.Build.0 = Release|Any CPU
		{C69F351D-EF60-5A43-F338-A7DB9F88C43E}.Debug|Any CPU.ActiveCfg = Debug|Any CPU
		{C69F351D-EF60-5A43-F338-A7DB9F88C43E}.Debug|Any CPU.Build.0 = Debug|Any CPU
		{C69F351D-EF60-5A43-F338-A7DB9F88C43E}.Release|Any CPU.ActiveCfg = Release|Any CPU
		{C69F351D-EF60-5A43-F338-A7DB9F88C43E}.Release|Any CPU.Build.0 = Release|Any CPU
		{41DC95BA-D414-983A-6095-A46D9787DACA}.Debug|Any CPU.ActiveCfg = Debug|Any CPU
		{41DC95BA-D414-983A-6095-A46D9787DACA}.Debug|Any CPU.Build.0 = Debug|Any CPU
		{41DC95BA-D414-983A-6095-A46D9787DACA}.Release|Any CPU.ActiveCfg = Release|Any CPU
		{41DC95BA-D414-983A-6095-A46D9787DACA}.Release|Any CPU.Build.0 = Release|Any CPU
		{69651E59-266F-DDB3-9208-67BB788D6E33}.Debug|Any CPU.ActiveCfg = Debug|Any CPU
		{69651E59-266F-DDB3-9208-67BB788D6E33}.Debug|Any CPU.Build.0 = Debug|Any CPU
		{69651E59-266F-DDB3-9208-67BB788D6E33}.Release|Any CPU.ActiveCfg = Release|Any CPU
		{69651E59-266F-DDB3-9208-67BB788D6E33}.Release|Any CPU.Build.0 = Release|Any CPU
		{3E403542-C4AC-3998-E11D-4961C0EB2CF3}.Debug|Any CPU.ActiveCfg = Debug|Any CPU
		{3E403542-C4AC-3998-E11D-4961C0EB2CF3}.Debug|Any CPU.Build.0 = Debug|Any CPU
		{3E403542-C4AC-3998-E11D-4961C0EB2CF3}.Release|Any CPU.ActiveCfg = Release|Any CPU
		{3E403542-C4AC-3998-E11D-4961C0EB2CF3}.Release|Any CPU.Build.0 = Release|Any CPU
		{71D7EB9F-6DF3-9A21-D02F-B158634C0284}.Debug|Any CPU.ActiveCfg = Debug|Any CPU
		{71D7EB9F-6DF3-9A21-D02F-B158634C0284}.Debug|Any CPU.Build.0 = Debug|Any CPU
		{71D7EB9F-6DF3-9A21-D02F-B158634C0284}.Release|Any CPU.ActiveCfg = Release|Any CPU
		{71D7EB9F-6DF3-9A21-D02F-B158634C0284}.Release|Any CPU.Build.0 = Release|Any CPU
		{39E4CBD4-184A-F25E-C693-6AA46CC00706}.Debug|Any CPU.ActiveCfg = Debug|Any CPU
		{39E4CBD4-184A-F25E-C693-6AA46CC00706}.Debug|Any CPU.Build.0 = Debug|Any CPU
		{39E4CBD4-184A-F25E-C693-6AA46CC00706}.Release|Any CPU.ActiveCfg = Release|Any CPU
		{39E4CBD4-184A-F25E-C693-6AA46CC00706}.Release|Any CPU.Build.0 = Release|Any CPU
		{D323F517-3DE9-A118-9D46-D54109BFA03E}.Debug|Any CPU.ActiveCfg = Debug|Any CPU
		{D323F517-3DE9-A118-9D46-D54109BFA03E}.Debug|Any CPU.Build.0 = Debug|Any CPU
		{D323F517-3DE9-A118-9D46-D54109BFA03E}.Release|Any CPU.ActiveCfg = Release|Any CPU
		{D323F517-3DE9-A118-9D46-D54109BFA03E}.Release|Any CPU.Build.0 = Release|Any CPU
		{D803BF72-0951-9158-2A7F-653D4659F172}.Debug|Any CPU.ActiveCfg = Debug|Any CPU
		{D803BF72-0951-9158-2A7F-653D4659F172}.Debug|Any CPU.Build.0 = Debug|Any CPU
		{D803BF72-0951-9158-2A7F-653D4659F172}.Release|Any CPU.ActiveCfg = Release|Any CPU
		{D803BF72-0951-9158-2A7F-653D4659F172}.Release|Any CPU.Build.0 = Release|Any CPU
		{9DF2A58D-6452-446F-185D-368D470CBD79}.Debug|Any CPU.ActiveCfg = Debug|Any CPU
		{9DF2A58D-6452-446F-185D-368D470CBD79}.Debug|Any CPU.Build.0 = Debug|Any CPU
		{9DF2A58D-6452-446F-185D-368D470CBD79}.Release|Any CPU.ActiveCfg = Release|Any CPU
		{9DF2A58D-6452-446F-185D-368D470CBD79}.Release|Any CPU.Build.0 = Release|Any CPU
	EndGlobalSection
	GlobalSection(SolutionProperties) = preSolution
		HideSolutionNode = FALSE
	EndGlobalSection
EndGlobal
